
Microsoft Visual Studio Solution File, Format Version 12.00
# Visual Studio Version 17
VisualStudioVersion = 17.13.35825.156 d17.13
MinimumVisualStudioVersion = 10.0.40219.1
Project("{FAE04EC0-301F-11D3-BF4B-00C04F79EFBC}") = "Funcations", "Funcations.csproj", "{AAB848A8-8113-4F45-B22D-CEE2D02B22E5}"
EndProject
Global
	GlobalSection(SolutionConfigurationPlatforms) = preSolution
		Debug|Any CPU = Debug|Any CPU
		Release|Any CPU = Release|Any CPU
	EndGlobalSection
	GlobalSection(ProjectConfigurationPlatforms) = postSolution
		{AAB848A8-8113-4F45-B22D-CEE2D02B22E5}.Debug|Any CPU.ActiveCfg = Debug|Any CPU
		{AAB848A8-8113-4F45-B22D-CEE2D02B22E5}.Debug|Any CPU.Build.0 = Debug|Any CPU
		{AAB848A8-8113-4F45-B22D-CEE2D02B22E5}.Release|Any CPU.ActiveCfg = Release|Any CPU
		{AAB848A8-8113-4F45-B22D-CEE2D02B22E5}.Release|Any CPU.Build.0 = Release|Any CPU
	EndGlobalSection
	GlobalSection(SolutionProperties) = preSolution
		HideSolutionNode = FALSE
	EndGlobalSection
	GlobalSection(ExtensibilityGlobals) = postSolution
		SolutionGuid = {AB53F7B5-D23D-4CDB-988A-95D6A8273D85}
	EndGlobalSection
EndGlobal
